
Microsoft Visual Studio Solution File, Format Version 12.00
# Visual Studio Version 16
VisualStudioVersion = 16.0.30413.136
MinimumVisualStudioVersion = 10.0.40219.1
Project("{888888A0-9F3D-457C-B088-3A5042F75D52}") = "DS", "DS.pyproj", "{DDDDD68C-5A86-40CF-A0FC-EFBA21AD7A91}"
EndProject
Global
	GlobalSection(SolutionConfigurationPlatforms) = preSolution
		Debug|Any CPU = Debug|Any CPU
		Release|Any CPU = Release|Any CPU
	EndGlobalSection
	GlobalSection(ProjectConfigurationPlatforms) = postSolution
		{DDDDD68C-5A86-40CF-A0FC-EFBA21AD7A91}.Debug|Any CPU.ActiveCfg = Debug|Any CPU
		{DDDDD68C-5A86-40CF-A0FC-EFBA21AD7A91}.Release|Any CPU.ActiveCfg = Release|Any CPU
	EndGlobalSection
	GlobalSection(SolutionProperties) = preSolution
		HideSolutionNode = FALSE
	EndGlobalSection
	GlobalSection(ExtensibilityGlobals) = postSolution
		SolutionGuid = {DB885CD9-B3D6-4572-A232-3A9B62A8BDBB}
	EndGlobalSection
EndGlobal
